
Microsoft Visual Studio Solution File, Format Version 12.00
# Visual Studio Version 17
VisualStudioVersion = 17.6.33815.320
MinimumVisualStudioVersion = 10.0.40219.1
Project("{FAE04EC0-301F-11D3-BF4B-00C04F79EFBC}") = "EmployeeManager", "EmployeeManager\EmployeeManager.csproj", "{84E84434-9A2C-4BF6-82DC-ACF6641481A9}"
EndProject
Global
	GlobalSection(SolutionConfigurationPlatforms) = preSolution
		Debug|Any CPU = Debug|Any CPU
		Release|Any CPU = Release|Any CPU
	EndGlobalSection
	GlobalSection(ProjectConfigurationPlatforms) = postSolution
		{84E84434-9A2C-4BF6-82DC-ACF6641481A9}.Debug|Any CPU.ActiveCfg = Debug|Any CPU
		{84E84434-9A2C-4BF6-82DC-ACF6641481A9}.Debug|Any CPU.Build.0 = Debug|Any CPU
		{84E84434-9A2C-4BF6-82DC-ACF6641481A9}.Release|Any CPU.ActiveCfg = Release|Any CPU
		{84E84434-9A2C-4BF6-82DC-ACF6641481A9}.Release|Any CPU.Build.0 = Release|Any CPU
	EndGlobalSection
	GlobalSection(SolutionProperties) = preSolution
		HideSolutionNode = FALSE
	EndGlobalSection
	GlobalSection(ExtensibilityGlobals) = postSolution
		SolutionGuid = {8DF1562F-07E3-437D-8957-C9B0B11EB7A8}
	EndGlobalSection
EndGlobal
